// !$*UTF8*$!
{
	archiveVersion = 1;
	classes = {
	};
	objectVersion = 55;
	objects = {

/* Begin PBXBuildFile section */
		1AA6C39B28D6EB4900DBC126 /* NoteAppWatch WatchKit App.app in Embed Watch Content */ = {isa = PBXBuildFile; fileRef = 1AA6C39A28D6EB4900DBC126 /* NoteAppWatch WatchKit App.app */; settings = {ATTRIBUTES = (RemoveHeadersOnCopy, ); }; };
		1AA6C3A028D6EB4A00DBC126 /* Assets.xcassets in Resources */ = {isa = PBXBuildFile; fileRef = 1AA6C39F28D6EB4A00DBC126 /* Assets.xcassets */; };
		1AA6C3A628D6EB4A00DBC126 /* NoteAppWatch WatchKit Extension.appex in Embed App Extensions */ = {isa = PBXBuildFile; fileRef = 1AA6C3A528D6EB4A00DBC126 /* NoteAppWatch WatchKit Extension.appex */; settings = {ATTRIBUTES = (RemoveHeadersOnCopy, ); }; };
		1AA6C3AB28D6EB4A00DBC126 /* NoteAppWatchApp.swift in Sources */ = {isa = PBXBuildFile; fileRef = 1AA6C3AA28D6EB4A00DBC126 /* NoteAppWatchApp.swift */; };
		1AA6C3AD28D6EB4A00DBC126 /* ContentView.swift in Sources */ = {isa = PBXBuildFile; fileRef = 1AA6C3AC28D6EB4A00DBC126 /* ContentView.swift */; };
		1AA6C3AF28D6EB4A00DBC126 /* NotificationController.swift in Sources */ = {isa = PBXBuildFile; fileRef = 1AA6C3AE28D6EB4A00DBC126 /* NotificationController.swift */; };
		1AA6C3B128D6EB4A00DBC126 /* NotificationView.swift in Sources */ = {isa = PBXBuildFile; fileRef = 1AA6C3B028D6EB4A00DBC126 /* NotificationView.swift */; };
		1AA6C3B328D6EB4A00DBC126 /* ComplicationController.swift in Sources */ = {isa = PBXBuildFile; fileRef = 1AA6C3B228D6EB4A00DBC126 /* ComplicationController.swift */; };
		1AA6C3B528D6EB4A00DBC126 /* Assets.xcassets in Resources */ = {isa = PBXBuildFile; fileRef = 1AA6C3B428D6EB4A00DBC126 /* Assets.xcassets */; };
		1AA6C3B828D6EB4A00DBC126 /* Preview Assets.xcassets in Resources */ = {isa = PBXBuildFile; fileRef = 1AA6C3B728D6EB4A00DBC126 /* Preview Assets.xcassets */; };
		1AA6C3C428D6EB4A00DBC126 /* NoteAppWatchTests.swift in Sources */ = {isa = PBXBuildFile; fileRef = 1AA6C3C328D6EB4A00DBC126 /* NoteAppWatchTests.swift */; };
		1AA6C3CE28D6EB4A00DBC126 /* NoteAppWatchUITests.swift in Sources */ = {isa = PBXBuildFile; fileRef = 1AA6C3CD28D6EB4A00DBC126 /* NoteAppWatchUITests.swift */; };
		1AA6C3D028D6EB4A00DBC126 /* NoteAppWatchUITestsLaunchTests.swift in Sources */ = {isa = PBXBuildFile; fileRef = 1AA6C3CF28D6EB4A00DBC126 /* NoteAppWatchUITestsLaunchTests.swift */; };
/* End PBXBuildFile section */

/* Begin PBXContainerItemProxy section */
		1AA6C39C28D6EB4900DBC126 /* PBXContainerItemProxy */ = {
			isa = PBXContainerItemProxy;
			containerPortal = 1AA6C39028D6EB4900DBC126 /* Project object */;
			proxyType = 1;
			remoteGlobalIDString = 1AA6C39928D6EB4900DBC126;
			remoteInfo = "NoteAppWatch WatchKit App";
		};
		1AA6C3A728D6EB4A00DBC126 /* PBXContainerItemProxy */ = {
			isa = PBXContainerItemProxy;
			containerPortal = 1AA6C39028D6EB4900DBC126 /* Project object */;
			proxyType = 1;
			remoteGlobalIDString = 1AA6C3A428D6EB4A00DBC126;
			remoteInfo = "NoteAppWatch WatchKit Extension";
		};
		1AA6C3C028D6EB4A00DBC126 /* PBXContainerItemProxy */ = {
			isa = PBXContainerItemProxy;
			containerPortal = 1AA6C39028D6EB4900DBC126 /* Project object */;
			proxyType = 1;
			remoteGlobalIDString = 1AA6C3A428D6EB4A00DBC126;
			remoteInfo = "NoteAppWatch WatchKit Extension";
		};
		1AA6C3CA28D6EB4A00DBC126 /* PBXContainerItemProxy */ = {
			isa = PBXContainerItemProxy;
			containerPortal = 1AA6C39028D6EB4900DBC126 /* Project object */;
			proxyType = 1;
			remoteGlobalIDString = 1AA6C39928D6EB4900DBC126;
			remoteInfo = "NoteAppWatch WatchKit App";
		};
/* End PBXContainerItemProxy section */

/* Begin PBXCopyFilesBuildPhase section */
		1AA6C3D628D6EB4A00DBC126 /* Embed App Extensions */ = {
			isa = PBXCopyFilesBuildPhase;
			buildActionMask = 2147483647;
			dstPath = "";
			dstSubfolderSpec = 13;
			files = (
				1AA6C3A628D6EB4A00DBC126 /* NoteAppWatch WatchKit Extension.appex in Embed App Extensions */,
			);
			name = "Embed App Extensions";
			runOnlyForDeploymentPostprocessing = 0;
		};
		1AA6C3DA28D6EB4A00DBC126 /* Embed Watch Content */ = {
			isa = PBXCopyFilesBuildPhase;
			buildActionMask = 2147483647;
			dstPath = "$(CONTENTS_FOLDER_PATH)/Watch";
			dstSubfolderSpec = 16;
			files = (
				1AA6C39B28D6EB4900DBC126 /* NoteAppWatch WatchKit App.app in Embed Watch Content */,
			);
			name = "Embed Watch Content";
			runOnlyForDeploymentPostprocessing = 0;
		};
/* End PBXCopyFilesBuildPhase section */

/* Begin PBXFileReference section */
		1AA6C39628D6EB4900DBC126 /* NoteAppWatch.app */ = {isa = PBXFileReference; explicitFileType = wrapper.application; includeInIndex = 0; path = NoteAppWatch.app; sourceTree = BUILT_PRODUCTS_DIR; };
		1AA6C39A28D6EB4900DBC126 /* NoteAppWatch WatchKit App.app */ = {isa = PBXFileReference; explicitFileType = wrapper.application; includeInIndex = 0; path = "NoteAppWatch WatchKit App.app"; sourceTree = BUILT_PRODUCTS_DIR; };
		1AA6C39F28D6EB4A00DBC126 /* Assets.xcassets */ = {isa = PBXFileReference; lastKnownFileType = folder.assetcatalog; path = Assets.xcassets; sourceTree = "<group>"; };
		1AA6C3A528D6EB4A00DBC126 /* NoteAppWatch WatchKit Extension.appex */ = {isa = PBXFileReference; explicitFileType = "wrapper.app-extension"; includeInIndex = 0; path = "NoteAppWatch WatchKit Extension.appex"; sourceTree = BUILT_PRODUCTS_DIR; };
		1AA6C3AA28D6EB4A00DBC126 /* NoteAppWatchApp.swift */ = {isa = PBXFileReference; lastKnownFileType = sourcecode.swift; path = NoteAppWatchApp.swift; sourceTree = "<group>"; };
		1AA6C3AC28D6EB4A00DBC126 /* ContentView.swift */ = {isa = PBXFileReference; lastKnownFileType = sourcecode.swift; path = ContentView.swift; sourceTree = "<group>"; };
		1AA6C3AE28D6EB4A00DBC126 /* NotificationController.swift */ = {isa = PBXFileReference; lastKnownFileType = sourcecode.swift; path = NotificationController.swift; sourceTree = "<group>"; };
		1AA6C3B028D6EB4A00DBC126 /* NotificationView.swift */ = {isa = PBXFileReference; lastKnownFileType = sourcecode.swift; path = NotificationView.swift; sourceTree = "<group>"; };
		1AA6C3B228D6EB4A00DBC126 /* ComplicationController.swift */ = {isa = PBXFileReference; lastKnownFileType = sourcecode.swift; path = ComplicationController.swift; sourceTree = "<group>"; };
		1AA6C3B428D6EB4A00DBC126 /* Assets.xcassets */ = {isa = PBXFileReference; lastKnownFileType = folder.assetcatalog; path = Assets.xcassets; sourceTree = "<group>"; };
		1AA6C3B728D6EB4A00DBC126 /* Preview Assets.xcassets */ = {isa = PBXFileReference; lastKnownFileType = folder.assetcatalog; path = "Preview Assets.xcassets"; sourceTree = "<group>"; };
		1AA6C3B928D6EB4A00DBC126 /* Info.plist */ = {isa = PBXFileReference; lastKnownFileType = text.plist.xml; path = Info.plist; sourceTree = "<group>"; };
		1AA6C3BA28D6EB4A00DBC126 /* PushNotificationPayload.apns */ = {isa = PBXFileReference; lastKnownFileType = text; path = PushNotificationPayload.apns; sourceTree = "<group>"; };
		1AA6C3BF28D6EB4A00DBC126 /* NoteAppWatchTests.xctest */ = {isa = PBXFileReference; explicitFileType = wrapper.cfbundle; includeInIndex = 0; path = NoteAppWatchTests.xctest; sourceTree = BUILT_PRODUCTS_DIR; };
		1AA6C3C328D6EB4A00DBC126 /* NoteAppWatchTests.swift */ = {isa = PBXFileReference; lastKnownFileType = sourcecode.swift; path = NoteAppWatchTests.swift; sourceTree = "<group>"; };
		1AA6C3C928D6EB4A00DBC126 /* NoteAppWatchUITests.xctest */ = {isa = PBXFileReference; explicitFileType = wrapper.cfbundle; includeInIndex = 0; path = NoteAppWatchUITests.xctest; sourceTree = BUILT_PRODUCTS_DIR; };
		1AA6C3CD28D6EB4A00DBC126 /* NoteAppWatchUITests.swift */ = {isa = PBXFileReference; lastKnownFileType = sourcecode.swift; path = NoteAppWatchUITests.swift; sourceTree = "<group>"; };
		1AA6C3CF28D6EB4A00DBC126 /* NoteAppWatchUITestsLaunchTests.swift */ = {isa = PBXFileReference; lastKnownFileType = sourcecode.swift; path = NoteAppWatchUITestsLaunchTests.swift; sourceTree = "<group>"; };
/* End PBXFileReference section */

/* Begin PBXFrameworksBuildPhase section */
		1AA6C3A228D6EB4A00DBC126 /* Frameworks */ = {
			isa = PBXFrameworksBuildPhase;
			buildActionMask = 2147483647;
			files = (
			);
			runOnlyForDeploymentPostprocessing = 0;
		};
		1AA6C3BC28D6EB4A00DBC126 /* Frameworks */ = {
			isa = PBXFrameworksBuildPhase;
			buildActionMask = 2147483647;
			files = (
			);
			runOnlyForDeploymentPostprocessing = 0;
		};
		1AA6C3C628D6EB4A00DBC126 /* Frameworks */ = {
			isa = PBXFrameworksBuildPhase;
			buildActionMask = 2147483647;
			files = (
			);
			runOnlyForDeploymentPostprocessing = 0;
		};
/* End PBXFrameworksBuildPhase section */

/* Begin PBXGroup section */
		1AA6C38F28D6EB4900DBC126 = {
			isa = PBXGroup;
			children = (
				1AA6C39E28D6EB4900DBC126 /* NoteAppWatch WatchKit App */,
				1AA6C3A928D6EB4A00DBC126 /* NoteAppWatch WatchKit Extension */,
				1AA6C3C228D6EB4A00DBC126 /* NoteAppWatchTests */,
				1AA6C3CC28D6EB4A00DBC126 /* NoteAppWatchUITests */,
				1AA6C39728D6EB4900DBC126 /* Products */,
			);
			sourceTree = "<group>";
		};
		1AA6C39728D6EB4900DBC126 /* Products */ = {
			isa = PBXGroup;
			children = (
				1AA6C39628D6EB4900DBC126 /* NoteAppWatch.app */,
				1AA6C39A28D6EB4900DBC126 /* NoteAppWatch WatchKit App.app */,
				1AA6C3A528D6EB4A00DBC126 /* NoteAppWatch WatchKit Extension.appex */,
				1AA6C3BF28D6EB4A00DBC126 /* NoteAppWatchTests.xctest */,
				1AA6C3C928D6EB4A00DBC126 /* NoteAppWatchUITests.xctest */,
			);
			name = Products;
			sourceTree = "<group>";
		};
		1AA6C39E28D6EB4900DBC126 /* NoteAppWatch WatchKit App */ = {
			isa = PBXGroup;
			children = (
				1AA6C39F28D6EB4A00DBC126 /* Assets.xcassets */,
			);
			path = "NoteAppWatch WatchKit App";
			sourceTree = "<group>";
		};
		1AA6C3A928D6EB4A00DBC126 /* NoteAppWatch WatchKit Extension */ = {
			isa = PBXGroup;
			children = (
				1AA6C3AA28D6EB4A00DBC126 /* NoteAppWatchApp.swift */,
				1AA6C3AC28D6EB4A00DBC126 /* ContentView.swift */,
				1AA6C3AE28D6EB4A00DBC126 /* NotificationController.swift */,
				1AA6C3B028D6EB4A00DBC126 /* NotificationView.swift */,
				1AA6C3B228D6EB4A00DBC126 /* ComplicationController.swift */,
				1AA6C3B428D6EB4A00DBC126 /* Assets.xcassets */,
				1AA6C3B928D6EB4A00DBC126 /* Info.plist */,
				1AA6C3BA28D6EB4A00DBC126 /* PushNotificationPayload.apns */,
				1AA6C3B628D6EB4A00DBC126 /* Preview Content */,
			);
			path = "NoteAppWatch WatchKit Extension";
			sourceTree = "<group>";
		};
		1AA6C3B628D6EB4A00DBC126 /* Preview Content */ = {
			isa = PBXGroup;
			children = (
				1AA6C3B728D6EB4A00DBC126 /* Preview Assets.xcassets */,
			);
			path = "Preview Content";
			sourceTree = "<group>";
		};
		1AA6C3C228D6EB4A00DBC126 /* NoteAppWatchTests */ = {
			isa = PBXGroup;
			children = (
				1AA6C3C328D6EB4A00DBC126 /* NoteAppWatchTests.swift */,
			);
			path = NoteAppWatchTests;
			sourceTree = "<group>";
		};
		1AA6C3CC28D6EB4A00DBC126 /* NoteAppWatchUITests */ = {
			isa = PBXGroup;
			children = (
				1AA6C3CD28D6EB4A00DBC126 /* NoteAppWatchUITests.swift */,
				1AA6C3CF28D6EB4A00DBC126 /* NoteAppWatchUITestsLaunchTests.swift */,
			);
			path = NoteAppWatchUITests;
			sourceTree = "<group>";
		};
/* End PBXGroup section */

/* Begin PBXNativeTarget section */
		1AA6C39528D6EB4900DBC126 /* NoteAppWatch */ = {
			isa = PBXNativeTarget;
			buildConfigurationList = 1AA6C3DB28D6EB4A00DBC126 /* Build configuration list for PBXNativeTarget "NoteAppWatch" */;
			buildPhases = (
				1AA6C39428D6EB4900DBC126 /* Resources */,
				1AA6C3DA28D6EB4A00DBC126 /* Embed Watch Content */,
			);
			buildRules = (
			);
			dependencies = (
				1AA6C39D28D6EB4900DBC126 /* PBXTargetDependency */,
			);
			name = NoteAppWatch;
			productName = NoteAppWatch;
			productReference = 1AA6C39628D6EB4900DBC126 /* NoteAppWatch.app */;
			productType = "com.apple.product-type.application.watchapp2-container";
		};
		1AA6C39928D6EB4900DBC126 /* NoteAppWatch WatchKit App */ = {
			isa = PBXNativeTarget;
			buildConfigurationList = 1AA6C3D728D6EB4A00DBC126 /* Build configuration list for PBXNativeTarget "NoteAppWatch WatchKit App" */;
			buildPhases = (
				1AA6C39828D6EB4900DBC126 /* Resources */,
				1AA6C3D628D6EB4A00DBC126 /* Embed App Extensions */,
			);
			buildRules = (
			);
			dependencies = (
				1AA6C3A828D6EB4A00DBC126 /* PBXTargetDependency */,
			);
			name = "NoteAppWatch WatchKit App";
			productName = "NoteAppWatch WatchKit App";
			productReference = 1AA6C39A28D6EB4900DBC126 /* NoteAppWatch WatchKit App.app */;
			productType = "com.apple.product-type.application.watchapp2";
		};
		1AA6C3A428D6EB4A00DBC126 /* NoteAppWatch WatchKit Extension */ = {
			isa = PBXNativeTarget;
			buildConfigurationList = 1AA6C3D328D6EB4A00DBC126 /* Build configuration list for PBXNativeTarget "NoteAppWatch WatchKit Extension" */;
			buildPhases = (
				1AA6C3A128D6EB4A00DBC126 /* Sources */,
				1AA6C3A228D6EB4A00DBC126 /* Frameworks */,
				1AA6C3A328D6EB4A00DBC126 /* Resources */,
			);
			buildRules = (
			);
			dependencies = (
			);
			name = "NoteAppWatch WatchKit Extension";
			productName = "NoteAppWatch WatchKit Extension";
			productReference = 1AA6C3A528D6EB4A00DBC126 /* NoteAppWatch WatchKit Extension.appex */;
			productType = "com.apple.product-type.watchkit2-extension";
		};
		1AA6C3BE28D6EB4A00DBC126 /* NoteAppWatchTests */ = {
			isa = PBXNativeTarget;
			buildConfigurationList = 1AA6C3DE28D6EB4A00DBC126 /* Build configuration list for PBXNativeTarget "NoteAppWatchTests" */;
			buildPhases = (
				1AA6C3BB28D6EB4A00DBC126 /* Sources */,
				1AA6C3BC28D6EB4A00DBC126 /* Frameworks */,
				1AA6C3BD28D6EB4A00DBC126 /* Resources */,
			);
			buildRules = (
			);
			dependencies = (
				1AA6C3C128D6EB4A00DBC126 /* PBXTargetDependency */,
			);
			name = NoteAppWatchTests;
			productName = NoteAppWatchTests;
			productReference = 1AA6C3BF28D6EB4A00DBC126 /* NoteAppWatchTests.xctest */;
			productType = "com.apple.product-type.bundle.unit-test";
		};
		1AA6C3C828D6EB4A00DBC126 /* NoteAppWatchUITests */ = {
			isa = PBXNativeTarget;
			buildConfigurationList = 1AA6C3E128D6EB4A00DBC126 /* Build configuration list for PBXNativeTarget "NoteAppWatchUITests" */;
			buildPhases = (
				1AA6C3C528D6EB4A00DBC126 /* Sources */,
				1AA6C3C628D6EB4A00DBC126 /* Frameworks */,
				1AA6C3C728D6EB4A00DBC126 /* Resources */,
			);
			buildRules = (
			);
			dependencies = (
				1AA6C3CB28D6EB4A00DBC126 /* PBXTargetDependency */,
			);
			name = NoteAppWatchUITests;
			productName = NoteAppWatchUITests;
			productReference = 1AA6C3C928D6EB4A00DBC126 /* NoteAppWatchUITests.xctest */;
			productType = "com.apple.product-type.bundle.ui-testing";
		};
/* End PBXNativeTarget section */

/* Begin PBXProject section */
		1AA6C39028D6EB4900DBC126 /* Project object */ = {
			isa = PBXProject;
			attributes = {
				BuildIndependentTargetsInParallel = 1;
				LastSwiftUpdateCheck = 1340;
				LastUpgradeCheck = 1340;
				TargetAttributes = {
					1AA6C39528D6EB4900DBC126 = {
						CreatedOnToolsVersion = 13.4.1;
					};
					1AA6C39928D6EB4900DBC126 = {
						CreatedOnToolsVersion = 13.4.1;
					};
					1AA6C3A428D6EB4A00DBC126 = {
						CreatedOnToolsVersion = 13.4.1;
					};
					1AA6C3BE28D6EB4A00DBC126 = {
						CreatedOnToolsVersion = 13.4.1;
						TestTargetID = 1AA6C3A428D6EB4A00DBC126;
					};
					1AA6C3C828D6EB4A00DBC126 = {
						CreatedOnToolsVersion = 13.4.1;
						TestTargetID = 1AA6C39928D6EB4900DBC126;
					};
				};
			};
			buildConfigurationList = 1AA6C39328D6EB4900DBC126 /* Build configuration list for PBXProject "NoteAppWatch" */;
			compatibilityVersion = "Xcode 13.0";
			developmentRegion = en;
			hasScannedForEncodings = 0;
			knownRegions = (
				en,
				Base,
			);
			mainGroup = 1AA6C38F28D6EB4900DBC126;
			productRefGroup = 1AA6C39728D6EB4900DBC126 /* Products */;
			projectDirPath = "";
			projectRoot = "";
			targets = (
				1AA6C39528D6EB4900DBC126 /* NoteAppWatch */,
				1AA6C39928D6EB4900DBC126 /* NoteAppWatch WatchKit App */,
				1AA6C3A428D6EB4A00DBC126 /* NoteAppWatch WatchKit Extension */,
				1AA6C3BE28D6EB4A00DBC126 /* NoteAppWatchTests */,
				1AA6C3C828D6EB4A00DBC126 /* NoteAppWatchUITests */,
			);
		};
/* End PBXProject section */

/* Begin PBXResourcesBuildPhase section */
		1AA6C39428D6EB4900DBC126 /* Resources */ = {
			isa = PBXResourcesBuildPhase;
			buildActionMask = 2147483647;
			files = (
			);
			runOnlyForDeploymentPostprocessing = 0;
		};
		1AA6C39828D6EB4900DBC126 /* Resources */ = {
			isa = PBXResourcesBuildPhase;
			buildActionMask = 2147483647;
			files = (
				1AA6C3A028D6EB4A00DBC126 /* Assets.xcassets in Resources */,
			);
			runOnlyForDeploymentPostprocessing = 0;
		};
		1AA6C3A328D6EB4A00DBC126 /* Resources */ = {
			isa = PBXResourcesBuildPhase;
			buildActionMask = 2147483647;
			files = (
				1AA6C3B828D6EB4A00DBC126 /* Preview Assets.xcassets in Resources */,
				1AA6C3B528D6EB4A00DBC126 /* Assets.xcassets in Resources */,
			);
			runOnlyForDeploymentPostprocessing = 0;
		};
		1AA6C3BD28D6EB4A00DBC126 /* Resources */ = {
			isa = PBXResourcesBuildPhase;
			buildActionMask = 2147483647;
			files = (
			);
			runOnlyForDeploymentPostprocessing = 0;
		};
		1AA6C3C728D6EB4A00DBC126 /* Resources */ = {
			isa = PBXResourcesBuildPhase;
			buildActionMask = 2147483647;
			files = (
			);
			runOnlyForDeploymentPostprocessing = 0;
		};
/* End PBXResourcesBuildPhase section */

/* Begin PBXSourcesBuildPhase section */
		1AA6C3A128D6EB4A00DBC126 /* Sources */ = {
			isa = PBXSourcesBuildPhase;
			buildActionMask = 2147483647;
			files = (
				1AA6C3AF28D6EB4A00DBC126 /* NotificationController.swift in Sources */,
				1AA6C3AD28D6EB4A00DBC126 /* ContentView.swift in Sources */,
				1AA6C3B328D6EB4A00DBC126 /* ComplicationController.swift in Sources */,
				1AA6C3AB28D6EB4A00DBC126 /* NoteAppWatchApp.swift in Sources */,
				1AA6C3B128D6EB4A00DBC126 /* NotificationView.swift in Sources */,
			);
			runOnlyForDeploymentPostprocessing = 0;
		};
		1AA6C3BB28D6EB4A00DBC126 /* Sources */ = {
			isa = PBXSourcesBuildPhase;
			buildActionMask = 2147483647;
			files = (
				1AA6C3C428D6EB4A00DBC126 /* NoteAppWatchTests.swift in Sources */,
			);
			runOnlyForDeploymentPostprocessing = 0;
		};
		1AA6C3C528D6EB4A00DBC126 /* Sources */ = {
			isa = PBXSourcesBuildPhase;
			buildActionMask = 2147483647;
			files = (
				1AA6C3D028D6EB4A00DBC126 /* NoteAppWatchUITestsLaunchTests.swift in Sources */,
				1AA6C3CE28D6EB4A00DBC126 /* NoteAppWatchUITests.swift in Sources */,
			);
			runOnlyForDeploymentPostprocessing = 0;
		};
/* End PBXSourcesBuildPhase section */

/* Begin PBXTargetDependency section */
		1AA6C39D28D6EB4900DBC126 /* PBXTargetDependency */ = {
			isa = PBXTargetDependency;
			target = 1AA6C39928D6EB4900DBC126 /* NoteAppWatch WatchKit App */;
			targetProxy = 1AA6C39C28D6EB4900DBC126 /* PBXContainerItemProxy */;
		};
		1AA6C3A828D6EB4A00DBC126 /* PBXTargetDependency */ = {
			isa = PBXTargetDependency;
			target = 1AA6C3A428D6EB4A00DBC126 /* NoteAppWatch WatchKit Extension */;
			targetProxy = 1AA6C3A728D6EB4A00DBC126 /* PBXContainerItemProxy */;
		};
		1AA6C3C128D6EB4A00DBC126 /* PBXTargetDependency */ = {
			isa = PBXTargetDependency;
			target = 1AA6C3A428D6EB4A00DBC126 /* NoteAppWatch WatchKit Extension */;
			targetProxy = 1AA6C3C028D6EB4A00DBC126 /* PBXContainerItemProxy */;
		};
		1AA6C3CB28D6EB4A00DBC126 /* PBXTargetDependency */ = {
			isa = PBXTargetDependency;
			target = 1AA6C39928D6EB4900DBC126 /* NoteAppWatch WatchKit App */;
			targetProxy = 1AA6C3CA28D6EB4A00DBC126 /* PBXContainerItemProxy */;
		};
/* End PBXTargetDependency section */

/* Begin XCBuildConfiguration section */
		1AA6C3D128D6EB4A00DBC126 /* Debug */ = {
			isa = XCBuildConfiguration;
			buildSettings = {
				ALWAYS_SEARCH_USER_PATHS = NO;
				CLANG_ANALYZER_NONNULL = YES;
				CLANG_ANALYZER_NUMBER_OBJECT_CONVERSION = YES_AGGRESSIVE;
				CLANG_CXX_LANGUAGE_STANDARD = "gnu++17";
				CLANG_ENABLE_MODULES = YES;
				CLANG_ENABLE_OBJC_ARC = YES;
				CLANG_ENABLE_OBJC_WEAK = YES;
				CLANG_WARN_BLOCK_CAPTURE_AUTORELEASING = YES;
				CLANG_WARN_BOOL_CONVERSION = YES;
				CLANG_WARN_COMMA = YES;
				CLANG_WARN_CONSTANT_CONVERSION = YES;
				CLANG_WARN_DEPRECATED_OBJC_IMPLEMENTATIONS = YES;
				CLANG_WARN_DIRECT_OBJC_ISA_USAGE = YES_ERROR;
				CLANG_WARN_DOCUMENTATION_COMMENTS = YES;
				CLANG_WARN_EMPTY_BODY = YES;
				CLANG_WARN_ENUM_CONVERSION = YES;
				CLANG_WARN_INFINITE_RECURSION = YES;
				CLANG_WARN_INT_CONVERSION = YES;
				CLANG_WARN_NON_LITERAL_NULL_CONVERSION = YES;
				CLANG_WARN_OBJC_IMPLICIT_RETAIN_SELF = YES;
				CLANG_WARN_OBJC_LITERAL_CONVERSION = YES;
				CLANG_WARN_OBJC_ROOT_CLASS = YES_ERROR;
				CLANG_WARN_QUOTED_INCLUDE_IN_FRAMEWORK_HEADER = YES;
				CLANG_WARN_RANGE_LOOP_ANALYSIS = YES;
				CLANG_WARN_STRICT_PROTOTYPES = YES;
				CLANG_WARN_SUSPICIOUS_MOVE = YES;
				CLANG_WARN_UNGUARDED_AVAILABILITY = YES_AGGRESSIVE;
				CLANG_WARN_UNREACHABLE_CODE = YES;
				CLANG_WARN__DUPLICATE_METHOD_MATCH = YES;
				COPY_PHASE_STRIP = NO;
				DEBUG_INFORMATION_FORMAT = dwarf;
				ENABLE_STRICT_OBJC_MSGSEND = YES;
				ENABLE_TESTABILITY = YES;
				GCC_C_LANGUAGE_STANDARD = gnu11;
				GCC_DYNAMIC_NO_PIC = NO;
				GCC_NO_COMMON_BLOCKS = YES;
				GCC_OPTIMIZATION_LEVEL = 0;
				GCC_PREPROCESSOR_DEFINITIONS = (
					"DEBUG=1",
					"$(inherited)",
				);
				GCC_WARN_64_TO_32_BIT_CONVERSION = YES;
				GCC_WARN_ABOUT_RETURN_TYPE = YES_ERROR;
				GCC_WARN_UNDECLARED_SELECTOR = YES;
				GCC_WARN_UNINITIALIZED_AUTOS = YES_AGGRESSIVE;
				GCC_WARN_UNUSED_FUNCTION = YES;
				GCC_WARN_UNUSED_VARIABLE = YES;
				MTL_ENABLE_DEBUG_INFO = INCLUDE_SOURCE;
				MTL_FAST_MATH = YES;
				ONLY_ACTIVE_ARCH = YES;
				SDKROOT = iphoneos;
				SWIFT_ACTIVE_COMPILATION_CONDITIONS = DEBUG;
				SWIFT_OPTIMIZATION_LEVEL = "-Onone";
			};
			name = Debug;
		};
		1AA6C3D228D6EB4A00DBC126 /* Release */ = {
			isa = XCBuildConfiguration;
			buildSettings = {
				ALWAYS_SEARCH_USER_PATHS = NO;
				CLANG_ANALYZER_NONNULL = YES;
				CLANG_ANALYZER_NUMBER_OBJECT_CONVERSION = YES_AGGRESSIVE;
				CLANG_CXX_LANGUAGE_STANDARD = "gnu++17";
				CLANG_ENABLE_MODULES = YES;
				CLANG_ENABLE_OBJC_ARC = YES;
				CLANG_ENABLE_OBJC_WEAK = YES;
				CLANG_WARN_BLOCK_CAPTURE_AUTORELEASING = YES;
				CLANG_WARN_BOOL_CONVERSION = YES;
				CLANG_WARN_COMMA = YES;
				CLANG_WARN_CONSTANT_CONVERSION = YES;
				CLANG_WARN_DEPRECATED_OBJC_IMPLEMENTATIONS = YES;
				CLANG_WARN_DIRECT_OBJC_ISA_USAGE = YES_ERROR;
				CLANG_WARN_DOCUMENTATION_COMMENTS = YES;
				CLANG_WARN_EMPTY_BODY = YES;
				CLANG_WARN_ENUM_CONVERSION = YES;
				CLANG_WARN_INFINITE_RECURSION = YES;
				CLANG_WARN_INT_CONVERSION = YES;
				CLANG_WARN_NON_LITERAL_NULL_CONVERSION = YES;
				CLANG_WARN_OBJC_IMPLICIT_RETAIN_SELF = YES;
				CLANG_WARN_OBJC_LITERAL_CONVERSION = YES;
				CLANG_WARN_OBJC_ROOT_CLASS = YES_ERROR;
				CLANG_WARN_QUOTED_INCLUDE_IN_FRAMEWORK_HEADER = YES;
				CLANG_WARN_RANGE_LOOP_ANALYSIS = YES;
				CLANG_WARN_STRICT_PROTOTYPES = YES;
				CLANG_WARN_SUSPICIOUS_MOVE = YES;
				CLANG_WARN_UNGUARDED_AVAILABILITY = YES_AGGRESSIVE;
				CLANG_WARN_UNREACHABLE_CODE = YES;
				CLANG_WARN__DUPLICATE_METHOD_MATCH = YES;
				COPY_PHASE_STRIP = NO;
				DEBUG_INFORMATION_FORMAT = "dwarf-with-dsym";
				ENABLE_NS_ASSERTIONS = NO;
				ENABLE_STRICT_OBJC_MSGSEND = YES;
				GCC_C_LANGUAGE_STANDARD = gnu11;
				GCC_NO_COMMON_BLOCKS = YES;
				GCC_WARN_64_TO_32_BIT_CONVERSION = YES;
				GCC_WARN_ABOUT_RETURN_TYPE = YES_ERROR;
				GCC_WARN_UNDECLARED_SELECTOR = YES;
				GCC_WARN_UNINITIALIZED_AUTOS = YES_AGGRESSIVE;
				GCC_WARN_UNUSED_FUNCTION = YES;
				GCC_WARN_UNUSED_VARIABLE = YES;
				MTL_ENABLE_DEBUG_INFO = NO;
				MTL_FAST_MATH = YES;
				SDKROOT = iphoneos;
				SWIFT_COMPILATION_MODE = wholemodule;
				SWIFT_OPTIMIZATION_LEVEL = "-O";
				VALIDATE_PRODUCT = YES;
			};
			name = Release;
		};
		1AA6C3D428D6EB4A00DBC126 /* Debug */ = {
			isa = XCBuildConfiguration;
			buildSettings = {
				ASSETCATALOG_COMPILER_COMPLICATION_NAME = Complication;
				CODE_SIGN_STYLE = Automatic;
				CURRENT_PROJECT_VERSION = 1;
				DEVELOPMENT_ASSET_PATHS = "\"NoteAppWatch WatchKit Extension/Preview Content\"";
				DEVELOPMENT_TEAM = P867Z2P62X;
				ENABLE_PREVIEWS = YES;
				GENERATE_INFOPLIST_FILE = YES;
				INFOPLIST_FILE = "NoteAppWatch WatchKit Extension/Info.plist";
				INFOPLIST_KEY_CFBundleDisplayName = "NoteAppWatch WatchKit Extension";
				INFOPLIST_KEY_CLKComplicationPrincipalClass = "$(PRODUCT_MODULE_NAME).ComplicationController";
				INFOPLIST_KEY_NSHumanReadableCopyright = "";
				INFOPLIST_KEY_WKWatchOnly = YES;
				LD_RUNPATH_SEARCH_PATHS = (
					"$(inherited)",
					"@executable_path/Frameworks",
					"@executable_path/../../Frameworks",
				);
				MARKETING_VERSION = 1.0;
				PRODUCT_BUNDLE_IDENTIFIER = com.madebyhuda.NoteAppWatch.watchkitapp.watchkitextension;
				PRODUCT_NAME = "${TARGET_NAME}";
				SDKROOT = watchos;
				SKIP_INSTALL = YES;
				SWIFT_EMIT_LOC_STRINGS = YES;
				SWIFT_VERSION = 5.0;
				TARGETED_DEVICE_FAMILY = 4;
				WATCHOS_DEPLOYMENT_TARGET = 8.5;
			};
			name = Debug;
		};
		1AA6C3D528D6EB4A00DBC126 /* Release */ = {
			isa = XCBuildConfiguration;
			buildSettings = {
				ASSETCATALOG_COMPILER_COMPLICATION_NAME = Complication;
				CODE_SIGN_STYLE = Automatic;
				CURRENT_PROJECT_VERSION = 1;
				DEVELOPMENT_ASSET_PATHS = "\"NoteAppWatch WatchKit Extension/Preview Content\"";
				DEVELOPMENT_TEAM = P867Z2P62X;
				ENABLE_PREVIEWS = YES;
				GENERATE_INFOPLIST_FILE = YES;
				INFOPLIST_FILE = "NoteAppWatch WatchKit Extension/Info.plist";
				INFOPLIST_KEY_CFBundleDisplayName = "NoteAppWatch WatchKit Extension";
				INFOPLIST_KEY_CLKComplicationPrincipalClass = "$(PRODUCT_MODULE_NAME).ComplicationController";
				INFOPLIST_KEY_NSHumanReadableCopyright = "";
				INFOPLIST_KEY_WKWatchOnly = YES;
				LD_RUNPATH_SEARCH_PATHS = (
					"$(inherited)",
					"@executable_path/Frameworks",
					"@executable_path/../../Frameworks",
				);
				MARKETING_VERSION = 1.0;
				PRODUCT_BUNDLE_IDENTIFIER = com.madebyhuda.NoteAppWatch.watchkitapp.watchkitextension;
				PRODUCT_NAME = "${TARGET_NAME}";
				SDKROOT = watchos;
				SKIP_INSTALL = YES;
				SWIFT_EMIT_LOC_STRINGS = YES;
				SWIFT_VERSION = 5.0;
				TARGETED_DEVICE_FAMILY = 4;
				WATCHOS_DEPLOYMENT_TARGET = 8.5;
			};
			name = Release;
		};
		1AA6C3D828D6EB4A00DBC126 /* Debug */ = {
			isa = XCBuildConfiguration;
			buildSettings = {
				ALWAYS_EMBED_SWIFT_STANDARD_LIBRARIES = YES;
				ASSETCATALOG_COMPILER_APPICON_NAME = AppIcon;
				ASSETCATALOG_COMPILER_GLOBAL_ACCENT_COLOR_NAME = AccentColor;
				CODE_SIGN_STYLE = Automatic;
				CURRENT_PROJECT_VERSION = 1;
				DEVELOPMENT_TEAM = P867Z2P62X;
				GENERATE_INFOPLIST_FILE = YES;
				IBSC_MODULE = NoteAppWatch_WatchKit_Extension;
				INFOPLIST_KEY_CFBundleDisplayName = "NoteAppWatch WatchKit App";
				INFOPLIST_KEY_UISupportedInterfaceOrientations = "UIInterfaceOrientationPortrait UIInterfaceOrientationPortraitUpsideDown";
				MARKETING_VERSION = 1.0;
				PRODUCT_BUNDLE_IDENTIFIER = com.madebyhuda.NoteAppWatch.watchkitapp;
				PRODUCT_NAME = "$(TARGET_NAME)";
				SDKROOT = watchos;
				SKIP_INSTALL = YES;
				SWIFT_EMIT_LOC_STRINGS = YES;
				SWIFT_VERSION = 5.0;
				TARGETED_DEVICE_FAMILY = 4;
				WATCHOS_DEPLOYMENT_TARGET = 8.5;
			};
			name = Debug;
		};
		1AA6C3D928D6EB4A00DBC126 /* Release */ = {
			isa = XCBuildConfiguration;
			buildSettings = {
				ALWAYS_EMBED_SWIFT_STANDARD_LIBRARIES = YES;
				ASSETCATALOG_COMPILER_APPICON_NAME = AppIcon;
				ASSETCATALOG_COMPILER_GLOBAL_ACCENT_COLOR_NAME = AccentColor;
				CODE_SIGN_STYLE = Automatic;
				CURRENT_PROJECT_VERSION = 1;
				DEVELOPMENT_TEAM = P867Z2P62X;
				GENERATE_INFOPLIST_FILE = YES;
				IBSC_MODULE = NoteAppWatch_WatchKit_Extension;
				INFOPLIST_KEY_CFBundleDisplayName = "NoteAppWatch WatchKit App";
				INFOPLIST_KEY_UISupportedInterfaceOrientations = "UIInterfaceOrientationPortrait UIInterfaceOrientationPortraitUpsideDown";
				MARKETING_VERSION = 1.0;
				PRODUCT_BUNDLE_IDENTIFIER = com.madebyhuda.NoteAppWatch.watchkitapp;
				PRODUCT_NAME = "$(TARGET_NAME)";
				SDKROOT = watchos;
				SKIP_INSTALL = YES;
				SWIFT_EMIT_LOC_STRINGS = YES;
				SWIFT_VERSION = 5.0;
				TARGETED_DEVICE_FAMILY = 4;
				WATCHOS_DEPLOYMENT_TARGET = 8.5;
			};
			name = Release;
		};
		1AA6C3DC28D6EB4A00DBC126 /* Debug */ = {
			isa = XCBuildConfiguration;
			buildSettings = {
				CODE_SIGN_STYLE = Automatic;
				CURRENT_PROJECT_VERSION = 1;
				DEVELOPMENT_TEAM = P867Z2P62X;
				MARKETING_VERSION = 1.0;
				PRODUCT_BUNDLE_IDENTIFIER = com.madebyhuda.NoteAppWatch;
				PRODUCT_NAME = "$(TARGET_NAME)";
				SWIFT_VERSION = 5.0;
			};
			name = Debug;
		};
		1AA6C3DD28D6EB4A00DBC126 /* Release */ = {
			isa = XCBuildConfiguration;
			buildSettings = {
				CODE_SIGN_STYLE = Automatic;
				CURRENT_PROJECT_VERSION = 1;
				DEVELOPMENT_TEAM = P867Z2P62X;
				MARKETING_VERSION = 1.0;
				PRODUCT_BUNDLE_IDENTIFIER = com.madebyhuda.NoteAppWatch;
				PRODUCT_NAME = "$(TARGET_NAME)";
				SWIFT_VERSION = 5.0;
			};
			name = Release;
		};
		1AA6C3DF28D6EB4A00DBC126 /* Debug */ = {
			isa = XCBuildConfiguration;
			buildSettings = {
				ALWAYS_EMBED_SWIFT_STANDARD_LIBRARIES = YES;
				BUNDLE_LOADER = "$(TEST_HOST)";
				CODE_SIGN_STYLE = Automatic;
				CURRENT_PROJECT_VERSION = 1;
				DEVELOPMENT_TEAM = P867Z2P62X;
				GENERATE_INFOPLIST_FILE = YES;
				MARKETING_VERSION = 1.0;
				PRODUCT_BUNDLE_IDENTIFIER = com.madebyhuda.NoteAppWatchTests;
				PRODUCT_NAME = "$(TARGET_NAME)";
				SDKROOT = watchos;
				SWIFT_EMIT_LOC_STRINGS = NO;
				SWIFT_VERSION = 5.0;
				TARGETED_DEVICE_FAMILY = 4;
				TEST_HOST = "$(BUILT_PRODUCTS_DIR)/NoteAppWatch WatchKit Extension.appex/NoteAppWatch WatchKit Extension";
				WATCHOS_DEPLOYMENT_TARGET = 8.5;
			};
			name = Debug;
		};
		1AA6C3E028D6EB4A00DBC126 /* Release */ = {
			isa = XCBuildConfiguration;
			buildSettings = {
				ALWAYS_EMBED_SWIFT_STANDARD_LIBRARIES = YES;
				BUNDLE_LOADER = "$(TEST_HOST)";
				CODE_SIGN_STYLE = Automatic;
				CURRENT_PROJECT_VERSION = 1;
				DEVELOPMENT_TEAM = P867Z2P62X;
				GENERATE_INFOPLIST_FILE = YES;
				MARKETING_VERSION = 1.0;
				PRODUCT_BUNDLE_IDENTIFIER = com.madebyhuda.NoteAppWatchTests;
				PRODUCT_NAME = "$(TARGET_NAME)";
				SDKROOT = watchos;
				SWIFT_EMIT_LOC_STRINGS = NO;
				SWIFT_VERSION = 5.0;
				TARGETED_DEVICE_FAMILY = 4;
				TEST_HOST = "$(BUILT_PRODUCTS_DIR)/NoteAppWatch WatchKit Extension.appex/NoteAppWatch WatchKit Extension";
				WATCHOS_DEPLOYMENT_TARGET = 8.5;
			};
			name = Release;
		};
		1AA6C3E228D6EB4A00DBC126 /* Debug */ = {
			isa = XCBuildConfiguration;
			buildSettings = {
				CODE_SIGN_STYLE = Automatic;
				CURRENT_PROJECT_VERSION = 1;
				DEVELOPMENT_TEAM = P867Z2P62X;
				GENERATE_INFOPLIST_FILE = YES;
				MARKETING_VERSION = 1.0;
				PRODUCT_BUNDLE_IDENTIFIER = com.madebyhuda.NoteAppWatchUITests;
				PRODUCT_NAME = "$(TARGET_NAME)";
				SDKROOT = watchos;
				SWIFT_EMIT_LOC_STRINGS = NO;
				SWIFT_VERSION = 5.0;
				TARGETED_DEVICE_FAMILY = 4;
				TEST_TARGET_NAME = "NoteAppWatch WatchKit App";
				WATCHOS_DEPLOYMENT_TARGET = 8.5;
			};
			name = Debug;
		};
		1AA6C3E328D6EB4A00DBC126 /* Release */ = {
			isa = XCBuildConfiguration;
			buildSettings = {
				CODE_SIGN_STYLE = Automatic;
				CURRENT_PROJECT_VERSION = 1;
				DEVELOPMENT_TEAM = P867Z2P62X;
				GENERATE_INFOPLIST_FILE = YES;
				MARKETING_VERSION = 1.0;
				PRODUCT_BUNDLE_IDENTIFIER = com.madebyhuda.NoteAppWatchUITests;
				PRODUCT_NAME = "$(TARGET_NAME)";
				SDKROOT = watchos;
				SWIFT_EMIT_LOC_STRINGS = NO;
				SWIFT_VERSION = 5.0;
				TARGETED_DEVICE_FAMILY = 4;
				TEST_TARGET_NAME = "NoteAppWatch WatchKit App";
				WATCHOS_DEPLOYMENT_TARGET = 8.5;
			};
			name = Release;
		};
/* End XCBuildConfiguration section */

/* Begin XCConfigurationList section */
		1AA6C39328D6EB4900DBC126 /* Build configuration list for PBXProject "NoteAppWatch" */ = {
			isa = XCConfigurationList;
			buildConfigurations = (
				1AA6C3D128D6EB4A00DBC126 /* Debug */,
				1AA6C3D228D6EB4A00DBC126 /* Release */,
			);
			defaultConfigurationIsVisible = 0;
			defaultConfigurationName = Release;
		};
		1AA6C3D328D6EB4A00DBC126 /* Build configuration list for PBXNativeTarget "NoteAppWatch WatchKit Extension" */ = {
			isa = XCConfigurationList;
			buildConfigurations = (
				1AA6C3D428D6EB4A00DBC126 /* Debug */,
				1AA6C3D528D6EB4A00DBC126 /* Release */,
			);
			defaultConfigurationIsVisible = 0;
			defaultConfigurationName = Release;
		};
		1AA6C3D728D6EB4A00DBC126 /* Build configuration list for PBXNativeTarget "NoteAppWatch WatchKit App" */ = {
			isa = XCConfigurationList;
			buildConfigurations = (
				1AA6C3D828D6EB4A00DBC126 /* Debug */,
				1AA6C3D928D6EB4A00DBC126 /* Release */,
			);
			defaultConfigurationIsVisible = 0;
			defaultConfigurationName = Release;
		};
		1AA6C3DB28D6EB4A00DBC126 /* Build configuration list for PBXNativeTarget "NoteAppWatch" */ = {
			isa = XCConfigurationList;
			buildConfigurations = (
				1AA6C3DC28D6EB4A00DBC126 /* Debug */,
				1AA6C3DD28D6EB4A00DBC126 /* Release */,
			);
			defaultConfigurationIsVisible = 0;
			defaultConfigurationName = Release;
		};
		1AA6C3DE28D6EB4A00DBC126 /* Build configuration list for PBXNativeTarget "NoteAppWatchTests" */ = {
			isa = XCConfigurationList;
			buildConfigurations = (
				1AA6C3DF28D6EB4A00DBC126 /* Debug */,
				1AA6C3E028D6EB4A00DBC126 /* Release */,
			);
			defaultConfigurationIsVisible = 0;
			defaultConfigurationName = Release;
		};
		1AA6C3E128D6EB4A00DBC126 /* Build configuration list for PBXNativeTarget "NoteAppWatchUITests" */ = {
			isa = XCConfigurationList;
			buildConfigurations = (
				1AA6C3E228D6EB4A00DBC126 /* Debug */,
				1AA6C3E328D6EB4A00DBC126 /* Release */,
			);
			defaultConfigurationIsVisible = 0;
			defaultConfigurationName = Release;
		};
/* End XCConfigurationList section */
	};
	rootObject = 1AA6C39028D6EB4900DBC126 /* Project object */;
}
